
Microsoft Visual Studio Solution File, Format Version 12.00
# Visual Studio Version 16
VisualStudioVersion = 16.0.31515.178
MinimumVisualStudioVersion = 10.0.40219.1
Project("{FAE04EC0-301F-11D3-BF4B-00C04F79EFBC}") = "Notepad+", "Notepad+\Notepad+.csproj", "{4A3C8A97-01B5-425E-8066-0DF6F4C6076C}"
EndProject
Global
	GlobalSection(SolutionConfigurationPlatforms) = preSolution
		Debug|Any CPU = Debug|Any CPU
		Release|Any CPU = Release|Any CPU
	EndGlobalSection
	GlobalSection(ProjectConfigurationPlatforms) = postSolution
		{4A3C8A97-01B5-425E-8066-0DF6F4C6076C}.Debug|Any CPU.ActiveCfg = Debug|Any CPU
		{4A3C8A97-01B5-425E-8066-0DF6F4C6076C}.Debug|Any CPU.Build.0 = Debug|Any CPU
		{4A3C8A97-01B5-425E-8066-0DF6F4C6076C}.Release|Any CPU.ActiveCfg = Release|Any CPU
		{4A3C8A97-01B5-425E-8066-0DF6F4C6076C}.Release|Any CPU.Build.0 = Release|Any CPU
	EndGlobalSection
	GlobalSection(SolutionProperties) = preSolution
		HideSolutionNode = FALSE
	EndGlobalSection
	GlobalSection(ExtensibilityGlobals) = postSolution
		SolutionGuid = {CD6D7E6A-32D9-4BBB-983D-118D9F9FA50F}
	EndGlobalSection
EndGlobal
